
Microsoft Visual Studio Solution File, Format Version 12.00
# Visual Studio Version 16
VisualStudioVersion = 16.0.31321.278
MinimumVisualStudioVersion = 10.0.40219.1
Project("{FAE04EC0-301F-11D3-BF4B-00C04F79EFBC}") = "ListadodeProducto", "ListadodeProducto\ListadodeProducto.csproj", "{7F0786F7-380E-4A30-83E4-AD9EC4244FA8}"
EndProject
Global
	GlobalSection(SolutionConfigurationPlatforms) = preSolution
		Debug|Any CPU = Debug|Any CPU
		Release|Any CPU = Release|Any CPU
	EndGlobalSection
	GlobalSection(ProjectConfigurationPlatforms) = postSolution
		{7F0786F7-380E-4A30-83E4-AD9EC4244FA8}.Debug|Any CPU.ActiveCfg = Debug|Any CPU
		{7F0786F7-380E-4A30-83E4-AD9EC4244FA8}.Debug|Any CPU.Build.0 = Debug|Any CPU
		{7F0786F7-380E-4A30-83E4-AD9EC4244FA8}.Release|Any CPU.ActiveCfg = Release|Any CPU
		{7F0786F7-380E-4A30-83E4-AD9EC4244FA8}.Release|Any CPU.Build.0 = Release|Any CPU
	EndGlobalSection
	GlobalSection(SolutionProperties) = preSolution
		HideSolutionNode = FALSE
	EndGlobalSection
	GlobalSection(ExtensibilityGlobals) = postSolution
		SolutionGuid = {88623F18-E98B-4A19-9020-4FE5C92627E9}
	EndGlobalSection
EndGlobal
